# This file is automatically @generated by Cargo.
# It is not intended for manual editing.
[[package]]
name = "lz78"
version = "0.1.0"
dependencies = [
 "sequence_trie",
]

[[package]]
name = "sequence_trie"
version = "0.3.6"
source = "registry+https://github.com/rust-lang/crates.io-index"
checksum = "1ee22067b7ccd072eeb64454b9c6e1b33b61cd0d49e895fd48676a184580e0c3"
