[[package]]
name = "bitflags"
version = "1.0.1"
source = "registry+https://github.com/rust-lang/crates.io-index"

[[package]]
name = "block-cipher-trait"
version = "0.5.0"
source = "registry+https://github.com/rust-lang/crates.io-index"
dependencies = [
 "generic-array 0.9.0 (registry+https://github.com/rust-lang/crates.io-index)",
]

[[package]]
name = "byte-tools"
version = "0.2.0"
source = "registry+https://github.com/rust-lang/crates.io-index"

[[package]]
name = "complementation"
version = "0.1.0"
dependencies = [
 "des 0.1.0 (registry+https://github.com/rust-lang/crates.io-index)",
 "generic-array 0.9.0 (registry+https://github.com/rust-lang/crates.io-index)",
 "rand 0.4.2 (registry+https://github.com/rust-lang/crates.io-index)",
]

[[package]]
name = "des"
version = "0.1.0"
source = "registry+https://github.com/rust-lang/crates.io-index"
dependencies = [
 "block-cipher-trait 0.5.0 (registry+https://github.com/rust-lang/crates.io-index)",
 "byte-tools 0.2.0 (registry+https://github.com/rust-lang/crates.io-index)",
 "opaque-debug 0.1.1 (registry+https://github.com/rust-lang/crates.io-index)",
]

[[package]]
name = "fuchsia-zircon"
version = "0.3.3"
source = "registry+https://github.com/rust-lang/crates.io-index"
dependencies = [
 "bitflags 1.0.1 (registry+https://github.com/rust-lang/crates.io-index)",
 "fuchsia-zircon-sys 0.3.3 (registry+https://github.com/rust-lang/crates.io-index)",
]

[[package]]
name = "fuchsia-zircon-sys"
version = "0.3.3"
source = "registry+https://github.com/rust-lang/crates.io-index"

[[package]]
name = "generic-array"
version = "0.9.0"
source = "registry+https://github.com/rust-lang/crates.io-index"
dependencies = [
 "typenum 1.9.0 (registry+https://github.com/rust-lang/crates.io-index)",
]

[[package]]
name = "libc"
version = "0.2.36"
source = "registry+https://github.com/rust-lang/crates.io-index"

[[package]]
name = "opaque-debug"
version = "0.1.1"
source = "registry+https://github.com/rust-lang/crates.io-index"

[[package]]
name = "rand"
version = "0.4.2"
source = "registry+https://github.com/rust-lang/crates.io-index"
dependencies = [
 "fuchsia-zircon 0.3.3 (registry+https://github.com/rust-lang/crates.io-index)",
 "libc 0.2.36 (registry+https://github.com/rust-lang/crates.io-index)",
 "winapi 0.3.4 (registry+https://github.com/rust-lang/crates.io-index)",
]

[[package]]
name = "typenum"
version = "1.9.0"
source = "registry+https://github.com/rust-lang/crates.io-index"

[[package]]
name = "winapi"
version = "0.3.4"
source = "registry+https://github.com/rust-lang/crates.io-index"
dependencies = [
 "winapi-i686-pc-windows-gnu 0.4.0 (registry+https://github.com/rust-lang/crates.io-index)",
 "winapi-x86_64-pc-windows-gnu 0.4.0 (registry+https://github.com/rust-lang/crates.io-index)",
]

[[package]]
name = "winapi-i686-pc-windows-gnu"
version = "0.4.0"
source = "registry+https://github.com/rust-lang/crates.io-index"

[[package]]
name = "winapi-x86_64-pc-windows-gnu"
version = "0.4.0"
source = "registry+https://github.com/rust-lang/crates.io-index"

[metadata]
"checksum bitflags 1.0.1 (registry+https://github.com/rust-lang/crates.io-index)" = "b3c30d3802dfb7281680d6285f2ccdaa8c2d8fee41f93805dba5c4cf50dc23cf"
"checksum block-cipher-trait 0.5.0 (registry+https://github.com/rust-lang/crates.io-index)" = "d6136d803280ae3532efa36114335255ea94f3d75d735ddedd66b0d7cd30bad3"
"checksum byte-tools 0.2.0 (registry+https://github.com/rust-lang/crates.io-index)" = "560c32574a12a89ecd91f5e742165893f86e3ab98d21f8ea548658eb9eef5f40"
"checksum des 0.1.0 (registry+https://github.com/rust-lang/crates.io-index)" = "d2a3da1712ae08aee2f93297956d575cb1e495e8d8b60d17c1af15cc36c9d892"
"checksum fuchsia-zircon 0.3.3 (registry+https://github.com/rust-lang/crates.io-index)" = "2e9763c69ebaae630ba35f74888db465e49e259ba1bc0eda7d06f4a067615d82"
"checksum fuchsia-zircon-sys 0.3.3 (registry+https://github.com/rust-lang/crates.io-index)" = "3dcaa9ae7725d12cdb85b3ad99a434db70b468c09ded17e012d86b5c1010f7a7"
"checksum generic-array 0.9.0 (registry+https://github.com/rust-lang/crates.io-index)" = "ef25c5683767570c2bbd7deba372926a55eaae9982d7726ee2a1050239d45b9d"
"checksum libc 0.2.36 (registry+https://github.com/rust-lang/crates.io-index)" = "1e5d97d6708edaa407429faa671b942dc0f2727222fb6b6539bf1db936e4b121"
"checksum opaque-debug 0.1.1 (registry+https://github.com/rust-lang/crates.io-index)" = "d620c9c26834b34f039489ac0dfdb12c7ac15ccaf818350a64c9b5334a452ad7"
"checksum rand 0.4.2 (registry+https://github.com/rust-lang/crates.io-index)" = "eba5f8cb59cc50ed56be8880a5c7b496bfd9bd26394e176bc67884094145c2c5"
"checksum typenum 1.9.0 (registry+https://github.com/rust-lang/crates.io-index)" = "13a99dc6780ef33c78780b826cf9d2a78840b72cae9474de4bcaf9051e60ebbd"
"checksum winapi 0.3.4 (registry+https://github.com/rust-lang/crates.io-index)" = "04e3bd221fcbe8a271359c04f21a76db7d0c6028862d1bb5512d85e1e2eb5bb3"
"checksum winapi-i686-pc-windows-gnu 0.4.0 (registry+https://github.com/rust-lang/crates.io-index)" = "ac3b87c63620426dd9b991e5ce0329eff545bccbbb34f3be09ff6fb6ab51b7b6"
"checksum winapi-x86_64-pc-windows-gnu 0.4.0 (registry+https://github.com/rust-lang/crates.io-index)" = "712e227841d057c1ee1cd2fb22fa7e5a5461ae8e48fa2ca79ec42cfc1931183f"
