[[package]]
name = "ecf"
version = "0.1.0"
dependencies = [
 "libc 0.2.37 (registry+https://github.com/rust-lang/crates.io-index)",
]

[[package]]
name = "libc"
version = "0.2.37"
source = "registry+https://github.com/rust-lang/crates.io-index"

[metadata]
"checksum libc 0.2.37 (registry+https://github.com/rust-lang/crates.io-index)" = "56aebce561378d99a0bb578f8cb15b6114d2a1814a6c7949bbe646d968bb4fa9"
