[[package]]
name = "opt"
version = "0.1.0"
dependencies = [
 "simd 0.2.1 (registry+https://github.com/rust-lang/crates.io-index)",
]

[[package]]
name = "simd"
version = "0.2.1"
source = "registry+https://github.com/rust-lang/crates.io-index"

[metadata]
"checksum simd 0.2.1 (registry+https://github.com/rust-lang/crates.io-index)" = "3dd0805c7363ab51a829a1511ad24b6ed0349feaa756c4bc2f977f9f496e6673"
